
Microsoft Visual Studio Solution File, Format Version 12.00
# Visual Studio Version 16
VisualStudioVersion = 16.0.30128.74
MinimumVisualStudioVersion = 10.0.40219.1
Project("{8BC9CEB8-8B4A-11D0-8D11-00A0C91BC942}") = "Cpp20", "Cpp20.vcxproj", "{C7A375B7-B30C-432D-BC35-1451AB52D580}"
EndProject
Global
	GlobalSection(SolutionConfigurationPlatforms) = preSolution
		Debug|x64 = Debug|x64
		Debug|x86 = Debug|x86
		Release|x64 = Release|x64
		Release|x86 = Release|x86
	EndGlobalSection
	GlobalSection(ProjectConfigurationPlatforms) = postSolution
		{C7A375B7-B30C-432D-BC35-1451AB52D580}.Debug|x64.ActiveCfg = Debug|x64
		{C7A375B7-B30C-432D-BC35-1451AB52D580}.Debug|x64.Build.0 = Debug|x64
		{C7A375B7-B30C-432D-BC35-1451AB52D580}.Debug|x86.ActiveCfg = Debug|Win32
		{C7A375B7-B30C-432D-BC35-1451AB52D580}.Debug|x86.Build.0 = Debug|Win32
		{C7A375B7-B30C-432D-BC35-1451AB52D580}.Release|x64.ActiveCfg = Release|x64
		{C7A375B7-B30C-432D-BC35-1451AB52D580}.Release|x64.Build.0 = Release|x64
		{C7A375B7-B30C-432D-BC35-1451AB52D580}.Release|x86.ActiveCfg = Release|Win32
		{C7A375B7-B30C-432D-BC35-1451AB52D580}.Release|x86.Build.0 = Release|Win32
	EndGlobalSection
	GlobalSection(SolutionProperties) = preSolution
		HideSolutionNode = FALSE
	EndGlobalSection
	GlobalSection(ExtensibilityGlobals) = postSolution
		SolutionGuid = {20DEAC16-B11B-47F2-92A8-B901E0429171}
	EndGlobalSection
EndGlobal
